
Microsoft Visual Studio Solution File, Format Version 12.00
# Visual Studio Version 16
VisualStudioVersion = 16.0.29911.84
MinimumVisualStudioVersion = 10.0.40219.1
Project("{9A19103F-16F7-4668-BE54-9A1E7A4F7556}") = "ServiceConfigurationReader", "Source\ServiceConfigurationReader.csproj", "{F6D1E186-46F7-4FC8-8D7B-763B96D11E9D}"
EndProject
Project("{9A19103F-16F7-4668-BE54-9A1E7A4F7556}") = "ServiceConfigurationReader.Test", "Test\ServiceConfigurationReader.Test.csproj", "{D2871A31-BF81-4851-9514-D9E870903804}"
EndProject
Global
	GlobalSection(SolutionConfigurationPlatforms) = preSolution
		Debug|Any CPU = Debug|Any CPU
		Release|Any CPU = Release|Any CPU
	EndGlobalSection
	GlobalSection(ProjectConfigurationPlatforms) = postSolution
		{F6D1E186-46F7-4FC8-8D7B-763B96D11E9D}.Debug|Any CPU.ActiveCfg = Debug|Any CPU
		{F6D1E186-46F7-4FC8-8D7B-763B96D11E9D}.Debug|Any CPU.Build.0 = Debug|Any CPU
		{F6D1E186-46F7-4FC8-8D7B-763B96D11E9D}.Release|Any CPU.ActiveCfg = Release|Any CPU
		{F6D1E186-46F7-4FC8-8D7B-763B96D11E9D}.Release|Any CPU.Build.0 = Release|Any CPU
		{D2871A31-BF81-4851-9514-D9E870903804}.Debug|Any CPU.ActiveCfg = Debug|Any CPU
		{D2871A31-BF81-4851-9514-D9E870903804}.Debug|Any CPU.Build.0 = Debug|Any CPU
		{D2871A31-BF81-4851-9514-D9E870903804}.Release|Any CPU.ActiveCfg = Release|Any CPU
		{D2871A31-BF81-4851-9514-D9E870903804}.Release|Any CPU.Build.0 = Release|Any CPU
	EndGlobalSection
	GlobalSection(SolutionProperties) = preSolution
		HideSolutionNode = FALSE
	EndGlobalSection
	GlobalSection(ExtensibilityGlobals) = postSolution
		SolutionGuid = {10BFFFE5-9945-478D-9684-462137048E32}
	EndGlobalSection
EndGlobal
